uuid: e2e51b1c-5e06-43ba-b9a7-0ea8b6e5f0d2
langcode: uk
status: true
dependencies:
  config:
    - contact.form.order_catalog
  module:
    - contact_block
    - system
  theme:
    - b5boyko
id: b5boyko_requestblock
theme: b5boyko
region: content
weight: 2
provider: null
plugin: contact_block
settings:
  id: contact_block
  label: 'Подати заявку'
  label_display: visible
  provider: contact_block
  contact_form: order_catalog
  form_display: default
visibility:
  request_path:
    id: request_path
    negate: false
    pages: /golden-series
